{
  "originHash" : "d9871bf58116cb043045b8331e900f40b168b8c23487f79e72131fd4bbd377e2",
  "pins" : [
    {
      "identity" : "antlr4",
      "kind" : "remoteSourceControl",
      "location" : "https://github.com/antlr/antlr4",
      "state" : {
        "revision" : "7ed420ff2c78d62883875c442d75f32e73bc86c8",
        "version" : "4.13.1"
      }
    },
    {
      "identity" : "hotkey",
      "kind" : "remoteSourceControl",
      "location" : "https://github.com/soffes/HotKey",
      "state" : {
        "revision" : "a3cf605d7a96f6ff50e04fcb6dea6e2613cfcbe4",
        "version" : "0.2.1"
      }
    },
    {
      "identity" : "issoundadditions",
      "kind" : "remoteSourceControl",
      "location" : "https://github.com/InerziaSoft/ISSoundAdditions",
      "state" : {
        "revision" : "4b555f0354e6c280917bae8a598a258efe87ab98",
        "version" : "2.0.1"
      }
    },
    {
      "identity" : "masshortcut",
      "kind" : "remoteSourceControl",
      "location" : "https://github.com/rxhanson/MASShortcut",
      "state" : {
        "revision" : "2f9fbb3f959b7a683c6faaf9638d22afad37a235"
      }
    },
    {
      "identity" : "swift-collections",
      "kind" : "remoteSourceControl",
      "location" : "https://github.com/apple/swift-collections",
      "state" : {
        "revision" : "7b847a3b7008b2dc2f47ca3110d8c782fb2e5c7e",
        "version" : "1.3.0"
      }
    },
    {
      "identity" : "tomlkit",
      "kind" : "remoteSourceControl",
      "location" : "https://github.com/LebJe/TOMLKit",
      "state" : {
        "revision" : "404c4dd011743461bff12d00a5118d0ed59d630c",
        "version" : "0.5.5"
      }
    }
  ],
  "version" : 3
}
